
Microsoft Visual Studio Solution File, Format Version 12.00
# Visual Studio Version 17
VisualStudioVersion = 17.14.36202.13 d17.14
MinimumVisualStudioVersion = 10.0.40219.1
Project("{FAE04EC0-301F-11D3-BF4B-00C04F79EFBC}") = "Healthlnpro.API", "Healthlnpro.API\Healthlnpro.API.csproj", "{6AE000EB-4A83-4B4D-932C-7761490DC067}"
EndProject
Global
	GlobalSection(SolutionConfigurationPlatforms) = preSolution
		Debug|Any CPU = Debug|Any CPU
		Release|Any CPU = Release|Any CPU
	EndGlobalSection
	GlobalSection(ProjectConfigurationPlatforms) = postSolution
		{6AE000EB-4A83-4B4D-932C-7761490DC067}.Debug|Any CPU.ActiveCfg = Debug|Any CPU
		{6AE000EB-4A83-4B4D-932C-7761490DC067}.Debug|Any CPU.Build.0 = Debug|Any CPU
		{6AE000EB-4A83-4B4D-932C-7761490DC067}.Release|Any CPU.ActiveCfg = Release|Any CPU
		{6AE000EB-4A83-4B4D-932C-7761490DC067}.Release|Any CPU.Build.0 = Release|Any CPU
	EndGlobalSection
	GlobalSection(SolutionProperties) = preSolution
		HideSolutionNode = FALSE
	EndGlobalSection
	GlobalSection(ExtensibilityGlobals) = postSolution
		SolutionGuid = {BA88DE3D-6317-4F71-B11E-4E3AB4D8DDE3}
	EndGlobalSection
EndGlobal
